// !$*UTF8*$!
{
	archiveVersion = 1;
	classes = {
	};
	objectVersion = 46;
	objects = {

/* Begin PBXBuildFile section */
		1C2B67641EC22F080057C3DC /* AppDelegate.swift in Sources */ = {isa = PBXBuildFile; fileRef = 1C2B67631EC22F070057C3DC /* AppDelegate.swift */; };
		1C2B67661EC22F080057C3DC /* ViewController.swift in Sources */ = {isa = PBXBuildFile; fileRef = 1C2B67651EC22F080057C3DC /* ViewController.swift */; };
		1C2B67691EC22F080057C3DC /* Main.storyboard in Resources */ = {isa = PBXBuildFile; fileRef = 1C2B67671EC22F080057C3DC /* Main.storyboard */; };
		1C2B676B1EC22F080057C3DC /* Assets.xcassets in Resources */ = {isa = PBXBuildFile; fileRef = 1C2B676A1EC22F080057C3DC /* Assets.xcassets */; };
		1C2B676E1EC22F080057C3DC /* LaunchScreen.storyboard in Resources */ = {isa = PBXBuildFile; fileRef = 1C2B676C1EC22F080057C3DC /* LaunchScreen.storyboard */; };
		1C2B67761EC299D20057C3DC /* FactProvider.swift in Sources */ = {isa = PBXBuildFile; fileRef = 1C2B67751EC299D20057C3DC /* FactProvider.swift */; };
		1C2B67781EC2B59E0057C3DC /* BackgroundColorProvider.swift in Sources */ = {isa = PBXBuildFile; fileRef = 1C2B67771EC2B59E0057C3DC /* BackgroundColorProvider.swift */; };
/* End PBXBuildFile section */

/* Begin PBXFileReference section */
		1C2B67601EC22F070057C3DC /* FunFacts.app */ = {isa = PBXFileReference; explicitFileType = wrapper.application; includeInIndex = 0; path = FunFacts.app; sourceTree = BUILT_PRODUCTS_DIR; };
		1C2B67631EC22F070057C3DC /* AppDelegate.swift */ = {isa = PBXFileReference; lastKnownFileType = sourcecode.swift; path = AppDelegate.swift; sourceTree = "<group>"; };
		1C2B67651EC22F080057C3DC /* ViewController.swift */ = {isa = PBXFileReference; lastKnownFileType = sourcecode.swift; path = ViewController.swift; sourceTree = "<group>"; };
		1C2B67681EC22F080057C3DC /* Base */ = {isa = PBXFileReference; lastKnownFileType = file.storyboard; name = Base; path = Base.lproj/Main.storyboard; sourceTree = "<group>"; };
		1C2B676A1EC22F080057C3DC /* Assets.xcassets */ = {isa = PBXFileReference; lastKnownFileType = folder.assetcatalog; path = Assets.xcassets; sourceTree = "<group>"; };
		1C2B676D1EC22F080057C3DC /* Base */ = {isa = PBXFileReference; lastKnownFileType = file.storyboard; name = Base; path = Base.lproj/LaunchScreen.storyboard; sourceTree = "<group>"; };
		1C2B676F1EC22F080057C3DC /* Info.plist */ = {isa = PBXFileReference; lastKnownFileType = text.plist.xml; path = Info.plist; sourceTree = "<group>"; };
		1C2B67751EC299D20057C3DC /* FactProvider.swift */ = {isa = PBXFileReference; fileEncoding = 4; lastKnownFileType = sourcecode.swift; path = FactProvider.swift; sourceTree = "<group>"; };
		1C2B67771EC2B59E0057C3DC /* BackgroundColorProvider.swift */ = {isa = PBXFileReference; fileEncoding = 4; lastKnownFileType = sourcecode.swift; path = BackgroundColorProvider.swift; sourceTree = "<group>"; };
/* End PBXFileReference section */

/* Begin PBXFrameworksBuildPhase section */
		1C2B675D1EC22F070057C3DC /* Frameworks */ = {
			isa = PBXFrameworksBuildPhase;
			buildActionMask = 2147483647;
			files = (
			);
			runOnlyForDeploymentPostprocessing = 0;
		};
/* End PBXFrameworksBuildPhase section */

/* Begin PBXGroup section */
		1C2B67571EC22F070057C3DC = {
			isa = PBXGroup;
			children = (
				1C2B67621EC22F070057C3DC /* FunFacts */,
				1C2B67611EC22F070057C3DC /* Products */,
			);
			sourceTree = "<group>";
		};
		1C2B67611EC22F070057C3DC /* Products */ = {
			isa = PBXGroup;
			children = (
				1C2B67601EC22F070057C3DC /* FunFacts.app */,
			);
			name = Products;
			sourceTree = "<group>";
		};
		1C2B67621EC22F070057C3DC /* FunFacts */ = {
			isa = PBXGroup;
			children = (
				1C2B67631EC22F070057C3DC /* AppDelegate.swift */,
				1C2B67651EC22F080057C3DC /* ViewController.swift */,
				1C2B67671EC22F080057C3DC /* Main.storyboard */,
				1C2B67751EC299D20057C3DC /* FactProvider.swift */,
				1C2B676A1EC22F080057C3DC /* Assets.xcassets */,
				1C2B676C1EC22F080057C3DC /* LaunchScreen.storyboard */,
				1C2B676F1EC22F080057C3DC /* Info.plist */,
				1C2B67771EC2B59E0057C3DC /* BackgroundColorProvider.swift */,
			);
			path = FunFacts;
			sourceTree = "<group>";
		};
/* End PBXGroup section */

/* Begin PBXNativeTarget section */
		1C2B675F1EC22F070057C3DC /* FunFacts */ = {
			isa = PBXNativeTarget;
			buildConfigurationList = 1C2B67721EC22F080057C3DC /* Build configuration list for PBXNativeTarget "FunFacts" */;
			buildPhases = (
				1C2B675C1EC22F070057C3DC /* Sources */,
				1C2B675D1EC22F070057C3DC /* Frameworks */,
				1C2B675E1EC22F070057C3DC /* Resources */,
			);
			buildRules = (
			);
			dependencies = (
			);
			name = FunFacts;
			productName = FunFacts;
			productReference = 1C2B67601EC22F070057C3DC /* FunFacts.app */;
			productType = "com.apple.product-type.application";
		};
/* End PBXNativeTarget section */

/* Begin PBXProject section */
		1C2B67581EC22F070057C3DC /* Project object */ = {
			isa = PBXProject;
			attributes = {
				LastSwiftUpdateCheck = 0830;
				LastUpgradeCheck = 0830;
				ORGANIZATIONNAME = "Mitch Romney";
				TargetAttributes = {
					1C2B675F1EC22F070057C3DC = {
						CreatedOnToolsVersion = 8.3.2;
						DevelopmentTeam = 6PF8BWHGFG;
						ProvisioningStyle = Automatic;
					};
				};
			};
			buildConfigurationList = 1C2B675B1EC22F070057C3DC /* Build configuration list for PBXProject "FunFacts" */;
			compatibilityVersion = "Xcode 3.2";
			developmentRegion = English;
			hasScannedForEncodings = 0;
			knownRegions = (
				en,
				Base,
			);
			mainGroup = 1C2B67571EC22F070057C3DC;
			productRefGroup = 1C2B67611EC22F070057C3DC /* Products */;
			projectDirPath = "";
			projectRoot = "";
			targets = (
				1C2B675F1EC22F070057C3DC /* FunFacts */,
			);
		};
/* End PBXProject section */

/* Begin PBXResourcesBuildPhase section */
		1C2B675E1EC22F070057C3DC /* Resources */ = {
			isa = PBXResourcesBuildPhase;
			buildActionMask = 2147483647;
			files = (
				1C2B676E1EC22F080057C3DC /* LaunchScreen.storyboard in Resources */,
				1C2B676B1EC22F080057C3DC /* Assets.xcassets in Resources */,
				1C2B67691EC22F080057C3DC /* Main.storyboard in Resources */,
			);
			runOnlyForDeploymentPostprocessing = 0;
		};
/* End PBXResourcesBuildPhase section */

/* Begin PBXSourcesBuildPhase section */
		1C2B675C1EC22F070057C3DC /* Sources */ = {
			isa = PBXSourcesBuildPhase;
			buildActionMask = 2147483647;
			files = (
				1C2B67661EC22F080057C3DC /* ViewController.swift in Sources */,
				1C2B67641EC22F080057C3DC /* AppDelegate.swift in Sources */,
				1C2B67781EC2B59E0057C3DC /* BackgroundColorProvider.swift in Sources */,
				1C2B67761EC299D20057C3DC /* FactProvider.swift in Sources */,
			);
			runOnlyForDeploymentPostprocessing = 0;
		};
/* End PBXSourcesBuildPhase section */

/* Begin PBXVariantGroup section */
		1C2B67671EC22F080057C3DC /* Main.storyboard */ = {
			isa = PBXVariantGroup;
			children = (
				1C2B67681EC22F080057C3DC /* Base */,
			);
			name = Main.storyboard;
			sourceTree = "<group>";
		};
		1C2B676C1EC22F080057C3DC /* LaunchScreen.storyboard */ = {
			isa = PBXVariantGroup;
			children = (
				1C2B676D1EC22F080057C3DC /* Base */,
			);
			name = LaunchScreen.storyboard;
			sourceTree = "<group>";
		};
/* End PBXVariantGroup section */

/* Begin XCBuildConfiguration section */
		1C2B67701EC22F080057C3DC /* Debug */ = {
			isa = XCBuildConfiguration;
			buildSettings = {
				ALWAYS_SEARCH_USER_PATHS = NO;
				CLANG_ANALYZER_NONNULL = YES;
				CLANG_ANALYZER_NUMBER_OBJECT_CONVERSION = YES_AGGRESSIVE;
				CLANG_CXX_LANGUAGE_STANDARD = "gnu++0x";
				CLANG_CXX_LIBRARY = "libc++";
				CLANG_ENABLE_MODULES = YES;
				CLANG_ENABLE_OBJC_ARC = YES;
				CLANG_WARN_BOOL_CONVERSION = YES;
				CLANG_WARN_CONSTANT_CONVERSION = YES;
				CLANG_WARN_DIRECT_OBJC_ISA_USAGE = YES_ERROR;
				CLANG_WARN_DOCUMENTATION_COMMENTS = YES;
				CLANG_WARN_EMPTY_BODY = YES;
				CLANG_WARN_ENUM_CONVERSION = YES;
				CLANG_WARN_INFINITE_RECURSION = YES;
				CLANG_WARN_INT_CONVERSION = YES;
				CLANG_WARN_OBJC_ROOT_CLASS = YES_ERROR;
				CLANG_WARN_SUSPICIOUS_MOVE = YES;
				CLANG_WARN_UNREACHABLE_CODE = YES;
				CLANG_WARN__DUPLICATE_METHOD_MATCH = YES;
				"CODE_SIGN_IDENTITY[sdk=iphoneos*]" = "iPhone Developer";
				COPY_PHASE_STRIP = NO;
				DEBUG_INFORMATION_FORMAT = dwarf;
				ENABLE_STRICT_OBJC_MSGSEND = YES;
				ENABLE_TESTABILITY = YES;
				GCC_C_LANGUAGE_STANDARD = gnu99;
				GCC_DYNAMIC_NO_PIC = NO;
				GCC_NO_COMMON_BLOCKS = YES;
				GCC_OPTIMIZATION_LEVEL = 0;
				GCC_PREPROCESSOR_DEFINITIONS = (
					"DEBUG=1",
					"$(inherited)",
				);
				GCC_WARN_64_TO_32_BIT_CONVERSION = YES;
				GCC_WARN_ABOUT_RETURN_TYPE = YES_ERROR;
				GCC_WARN_UNDECLARED_SELECTOR = YES;
				GCC_WARN_UNINITIALIZED_AUTOS = YES_AGGRESSIVE;
				GCC_WARN_UNUSED_FUNCTION = YES;
				GCC_WARN_UNUSED_VARIABLE = YES;
				IPHONEOS_DEPLOYMENT_TARGET = 10.3;
				MTL_ENABLE_DEBUG_INFO = YES;
				ONLY_ACTIVE_ARCH = YES;
				SDKROOT = iphoneos;
				SWIFT_ACTIVE_COMPILATION_CONDITIONS = DEBUG;
				SWIFT_OPTIMIZATION_LEVEL = "-Onone";
			};
			name = Debug;
		};
		1C2B67711EC22F080057C3DC /* Release */ = {
			isa = XCBuildConfiguration;
			buildSettings = {
				ALWAYS_SEARCH_USER_PATHS = NO;
				CLANG_ANALYZER_NONNULL = YES;
				CLANG_ANALYZER_NUMBER_OBJECT_CONVERSION = YES_AGGRESSIVE;
				CLANG_CXX_LANGUAGE_STANDARD = "gnu++0x";
				CLANG_CXX_LIBRARY = "libc++";
				CLANG_ENABLE_MODULES = YES;
				CLANG_ENABLE_OBJC_ARC = YES;
				CLANG_WARN_BOOL_CONVERSION = YES;
				CLANG_WARN_CONSTANT_CONVERSION = YES;
				CLANG_WARN_DIRECT_OBJC_ISA_USAGE = YES_ERROR;
				CLANG_WARN_DOCUMENTATION_COMMENTS = YES;
				CLANG_WARN_EMPTY_BODY = YES;
				CLANG_WARN_ENUM_CONVERSION = YES;
				CLANG_WARN_INFINITE_RECURSION = YES;
				CLANG_WARN_INT_CONVERSION = YES;
				CLANG_WARN_OBJC_ROOT_CLASS = YES_ERROR;
				CLANG_WARN_SUSPICIOUS_MOVE = YES;
				CLANG_WARN_UNREACHABLE_CODE = YES;
				CLANG_WARN__DUPLICATE_METHOD_MATCH = YES;
				"CODE_SIGN_IDENTITY[sdk=iphoneos*]" = "iPhone Developer";
				COPY_PHASE_STRIP = NO;
				DEBUG_INFORMATION_FORMAT = "dwarf-with-dsym";
				ENABLE_NS_ASSERTIONS = NO;
				ENABLE_STRICT_OBJC_MSGSEND = YES;
				GCC_C_LANGUAGE_STANDARD = gnu99;
				GCC_NO_COMMON_BLOCKS = YES;
				GCC_WARN_64_TO_32_BIT_CONVERSION = YES;
				GCC_WARN_ABOUT_RETURN_TYPE = YES_ERROR;
				GCC_WARN_UNDECLARED_SELECTOR = YES;
				GCC_WARN_UNINITIALIZED_AUTOS = YES_AGGRESSIVE;
				GCC_WARN_UNUSED_FUNCTION = YES;
				GCC_WARN_UNUSED_VARIABLE = YES;
				IPHONEOS_DEPLOYMENT_TARGET = 10.3;
				MTL_ENABLE_DEBUG_INFO = NO;
				SDKROOT = iphoneos;
				SWIFT_OPTIMIZATION_LEVEL = "-Owholemodule";
				VALIDATE_PRODUCT = YES;
			};
			name = Release;
		};
		1C2B67731EC22F080057C3DC /* Debug */ = {
			isa = XCBuildConfiguration;
			buildSettings = {
				ASSETCATALOG_COMPILER_APPICON_NAME = AppIcon;
				DEVELOPMENT_TEAM = 6PF8BWHGFG;
				INFOPLIST_FILE = FunFacts/Info.plist;
				LD_RUNPATH_SEARCH_PATHS = "$(inherited) @executable_path/Frameworks";
				PRODUCT_BUNDLE_IDENTIFIER = com.mitchromney.FunFacts;
				PRODUCT_NAME = "$(TARGET_NAME)";
				SWIFT_VERSION = 3.0;
			};
			name = Debug;
		};
		1C2B67741EC22F080057C3DC /* Release */ = {
			isa = XCBuildConfiguration;
			buildSettings = {
				ASSETCATALOG_COMPILER_APPICON_NAME = AppIcon;
				DEVELOPMENT_TEAM = 6PF8BWHGFG;
				INFOPLIST_FILE = FunFacts/Info.plist;
				LD_RUNPATH_SEARCH_PATHS = "$(inherited) @executable_path/Frameworks";
				PRODUCT_BUNDLE_IDENTIFIER = com.mitchromney.FunFacts;
				PRODUCT_NAME = "$(TARGET_NAME)";
				SWIFT_VERSION = 3.0;
			};
			name = Release;
		};
/* End XCBuildConfiguration section */

/* Begin XCConfigurationList section */
		1C2B675B1EC22F070057C3DC /* Build configuration list for PBXProject "FunFacts" */ = {
			isa = XCConfigurationList;
			buildConfigurations = (
				1C2B67701EC22F080057C3DC /* Debug */,
				1C2B67711EC22F080057C3DC /* Release */,
			);
			defaultConfigurationIsVisible = 0;
			defaultConfigurationName = Release;
		};
		1C2B67721EC22F080057C3DC /* Build configuration list for PBXNativeTarget "FunFacts" */ = {
			isa = XCConfigurationList;
			buildConfigurations = (
				1C2B67731EC22F080057C3DC /* Debug */,
				1C2B67741EC22F080057C3DC /* Release */,
			);
			defaultConfigurationIsVisible = 0;
			defaultConfigurationName = Release;
		};
/* End XCConfigurationList section */
	};
	rootObject = 1C2B67581EC22F070057C3DC /* Project object */;
}
